
Microsoft Visual Studio Solution File, Format Version 12.00
# Visual Studio Version 16
VisualStudioVersion = 16.0.28809.33
MinimumVisualStudioVersion = 10.0.40219.1
Project("{FAE04EC0-301F-11D3-BF4B-00C04F79EFBC}") = "battlestit", "battlestit\battlestit.csproj", "{8BBF5FC9-C4AF-47C1-9B1D-BAB14D2200F4}"
EndProject
Global
	GlobalSection(SolutionConfigurationPlatforms) = preSolution
		Debug|Any CPU = Debug|Any CPU
		Release|Any CPU = Release|Any CPU
	EndGlobalSection
	GlobalSection(ProjectConfigurationPlatforms) = postSolution
		{8BBF5FC9-C4AF-47C1-9B1D-BAB14D2200F4}.Debug|Any CPU.ActiveCfg = Debug|Any CPU
		{8BBF5FC9-C4AF-47C1-9B1D-BAB14D2200F4}.Debug|Any CPU.Build.0 = Debug|Any CPU
		{8BBF5FC9-C4AF-47C1-9B1D-BAB14D2200F4}.Release|Any CPU.ActiveCfg = Release|Any CPU
		{8BBF5FC9-C4AF-47C1-9B1D-BAB14D2200F4}.Release|Any CPU.Build.0 = Release|Any CPU
	EndGlobalSection
	GlobalSection(SolutionProperties) = preSolution
		HideSolutionNode = FALSE
	EndGlobalSection
	GlobalSection(ExtensibilityGlobals) = postSolution
		SolutionGuid = {E32D2965-B273-4BD0-9FD4-4D109497B265}
	EndGlobalSection
EndGlobal
